
Microsoft Visual Studio Solution File, Format Version 12.00
# Visual Studio Version 17
VisualStudioVersion = 17.8.34525.116
MinimumVisualStudioVersion = 10.0.40219.1
Project("{FAE04EC0-301F-11D3-BF4B-00C04F79EFBC}") = "Airton_de_Oliveira_PB_AT-17", "Airton_de_Oliveira_PB_AT-17\Airton_de_Oliveira_PB_AT-17.csproj", "{DA79DABD-01B4-45F8-BA60-CF79A13DE271}"
EndProject
Global
	GlobalSection(SolutionConfigurationPlatforms) = preSolution
		Debug|Any CPU = Debug|Any CPU
		Release|Any CPU = Release|Any CPU
	EndGlobalSection
	GlobalSection(ProjectConfigurationPlatforms) = postSolution
		{DA79DABD-01B4-45F8-BA60-CF79A13DE271}.Debug|Any CPU.ActiveCfg = Debug|Any CPU
		{DA79DABD-01B4-45F8-BA60-CF79A13DE271}.Debug|Any CPU.Build.0 = Debug|Any CPU
		{DA79DABD-01B4-45F8-BA60-CF79A13DE271}.Release|Any CPU.ActiveCfg = Release|Any CPU
		{DA79DABD-01B4-45F8-BA60-CF79A13DE271}.Release|Any CPU.Build.0 = Release|Any CPU
	EndGlobalSection
	GlobalSection(SolutionProperties) = preSolution
		HideSolutionNode = FALSE
	EndGlobalSection
	GlobalSection(ExtensibilityGlobals) = postSolution
		SolutionGuid = {DFFCD46B-1502-49C7-8918-ED9C032CEF69}
	EndGlobalSection
EndGlobal
